// !$*UTF8*$!
{
	archiveVersion = 1;
	classes = {
	};
	objectVersion = 50;
	objects = {

/* Begin PBXBuildFile section */
		A91EC35F25BFE44A0041FEB9 /* AppDelegate.swift in Sources */ = {isa = PBXBuildFile; fileRef = A91EC35E25BFE44A0041FEB9 /* AppDelegate.swift */; };
		A91EC36125BFE44A0041FEB9 /* SceneDelegate.swift in Sources */ = {isa = PBXBuildFile; fileRef = A91EC36025BFE44A0041FEB9 /* SceneDelegate.swift */; };
		A91EC36325BFE44A0041FEB9 /* LoginViewController.swift in Sources */ = {isa = PBXBuildFile; fileRef = A91EC36225BFE44A0041FEB9 /* LoginViewController.swift */; };
		A91EC36625BFE44A0041FEB9 /* Main.storyboard in Resources */ = {isa = PBXBuildFile; fileRef = A91EC36425BFE44A0041FEB9 /* Main.storyboard */; };
		A91EC36825BFE44C0041FEB9 /* Assets.xcassets in Resources */ = {isa = PBXBuildFile; fileRef = A91EC36725BFE44C0041FEB9 /* Assets.xcassets */; };
		A91EC36B25BFE44C0041FEB9 /* LaunchScreen.storyboard in Resources */ = {isa = PBXBuildFile; fileRef = A91EC36925BFE44C0041FEB9 /* LaunchScreen.storyboard */; };
		A91EC37625BFE44C0041FEB9 /* threeLineDiaryTests.swift in Sources */ = {isa = PBXBuildFile; fileRef = A91EC37525BFE44C0041FEB9 /* threeLineDiaryTests.swift */; };
		A91EC38125BFE44C0041FEB9 /* threeLineDiaryUITests.swift in Sources */ = {isa = PBXBuildFile; fileRef = A91EC38025BFE44C0041FEB9 /* threeLineDiaryUITests.swift */; };
/* End PBXBuildFile section */

/* Begin PBXContainerItemProxy section */
		A91EC37225BFE44C0041FEB9 /* PBXContainerItemProxy */ = {
			isa = PBXContainerItemProxy;
			containerPortal = A91EC35325BFE44A0041FEB9 /* Project object */;
			proxyType = 1;
			remoteGlobalIDString = A91EC35A25BFE44A0041FEB9;
			remoteInfo = threeLineDiary;
		};
		A91EC37D25BFE44C0041FEB9 /* PBXContainerItemProxy */ = {
			isa = PBXContainerItemProxy;
			containerPortal = A91EC35325BFE44A0041FEB9 /* Project object */;
			proxyType = 1;
			remoteGlobalIDString = A91EC35A25BFE44A0041FEB9;
			remoteInfo = threeLineDiary;
		};
/* End PBXContainerItemProxy section */

/* Begin PBXFileReference section */
		A91EC35B25BFE44A0041FEB9 /* threeLineDiary.app */ = {isa = PBXFileReference; explicitFileType = wrapper.application; includeInIndex = 0; path = threeLineDiary.app; sourceTree = BUILT_PRODUCTS_DIR; };
		A91EC35E25BFE44A0041FEB9 /* AppDelegate.swift */ = {isa = PBXFileReference; lastKnownFileType = sourcecode.swift; path = AppDelegate.swift; sourceTree = "<group>"; };
		A91EC36025BFE44A0041FEB9 /* SceneDelegate.swift */ = {isa = PBXFileReference; lastKnownFileType = sourcecode.swift; path = SceneDelegate.swift; sourceTree = "<group>"; };
		A91EC36225BFE44A0041FEB9 /* LoginViewController.swift */ = {isa = PBXFileReference; lastKnownFileType = sourcecode.swift; path = LoginViewController.swift; sourceTree = "<group>"; };
		A91EC36525BFE44A0041FEB9 /* Base */ = {isa = PBXFileReference; lastKnownFileType = file.storyboard; name = Base; path = Base.lproj/Main.storyboard; sourceTree = "<group>"; };
		A91EC36725BFE44C0041FEB9 /* Assets.xcassets */ = {isa = PBXFileReference; lastKnownFileType = folder.assetcatalog; path = Assets.xcassets; sourceTree = "<group>"; };
		A91EC36A25BFE44C0041FEB9 /* Base */ = {isa = PBXFileReference; lastKnownFileType = file.storyboard; name = Base; path = Base.lproj/LaunchScreen.storyboard; sourceTree = "<group>"; };
		A91EC36C25BFE44C0041FEB9 /* Info.plist */ = {isa = PBXFileReference; lastKnownFileType = text.plist.xml; path = Info.plist; sourceTree = "<group>"; };
		A91EC37125BFE44C0041FEB9 /* threeLineDiaryTests.xctest */ = {isa = PBXFileReference; explicitFileType = wrapper.cfbundle; includeInIndex = 0; path = threeLineDiaryTests.xctest; sourceTree = BUILT_PRODUCTS_DIR; };
		A91EC37525BFE44C0041FEB9 /* threeLineDiaryTests.swift */ = {isa = PBXFileReference; lastKnownFileType = sourcecode.swift; path = threeLineDiaryTests.swift; sourceTree = "<group>"; };
		A91EC37725BFE44C0041FEB9 /* Info.plist */ = {isa = PBXFileReference; lastKnownFileType = text.plist.xml; path = Info.plist; sourceTree = "<group>"; };
		A91EC37C25BFE44C0041FEB9 /* threeLineDiaryUITests.xctest */ = {isa = PBXFileReference; explicitFileType = wrapper.cfbundle; includeInIndex = 0; path = threeLineDiaryUITests.xctest; sourceTree = BUILT_PRODUCTS_DIR; };
		A91EC38025BFE44C0041FEB9 /* threeLineDiaryUITests.swift */ = {isa = PBXFileReference; lastKnownFileType = sourcecode.swift; path = threeLineDiaryUITests.swift; sourceTree = "<group>"; };
		A91EC38225BFE44C0041FEB9 /* Info.plist */ = {isa = PBXFileReference; lastKnownFileType = text.plist.xml; path = Info.plist; sourceTree = "<group>"; };
/* End PBXFileReference section */

/* Begin PBXFrameworksBuildPhase section */
		A91EC35825BFE44A0041FEB9 /* Frameworks */ = {
			isa = PBXFrameworksBuildPhase;
			buildActionMask = 2147483647;
			files = (
			);
			runOnlyForDeploymentPostprocessing = 0;
		};
		A91EC36E25BFE44C0041FEB9 /* Frameworks */ = {
			isa = PBXFrameworksBuildPhase;
			buildActionMask = 2147483647;
			files = (
			);
			runOnlyForDeploymentPostprocessing = 0;
		};
		A91EC37925BFE44C0041FEB9 /* Frameworks */ = {
			isa = PBXFrameworksBuildPhase;
			buildActionMask = 2147483647;
			files = (
			);
			runOnlyForDeploymentPostprocessing = 0;
		};
/* End PBXFrameworksBuildPhase section */

/* Begin PBXGroup section */
		A91EC35225BFE44A0041FEB9 = {
			isa = PBXGroup;
			children = (
				A91EC35D25BFE44A0041FEB9 /* threeLineDiary */,
				A91EC37425BFE44C0041FEB9 /* threeLineDiaryTests */,
				A91EC37F25BFE44C0041FEB9 /* threeLineDiaryUITests */,
				A91EC35C25BFE44A0041FEB9 /* Products */,
			);
			sourceTree = "<group>";
		};
		A91EC35C25BFE44A0041FEB9 /* Products */ = {
			isa = PBXGroup;
			children = (
				A91EC35B25BFE44A0041FEB9 /* threeLineDiary.app */,
				A91EC37125BFE44C0041FEB9 /* threeLineDiaryTests.xctest */,
				A91EC37C25BFE44C0041FEB9 /* threeLineDiaryUITests.xctest */,
			);
			name = Products;
			sourceTree = "<group>";
		};
		A91EC35D25BFE44A0041FEB9 /* threeLineDiary */ = {
			isa = PBXGroup;
			children = (
				A91EC35E25BFE44A0041FEB9 /* AppDelegate.swift */,
				A91EC36025BFE44A0041FEB9 /* SceneDelegate.swift */,
				A91EC36225BFE44A0041FEB9 /* LoginViewController.swift */,
				A91EC36425BFE44A0041FEB9 /* Main.storyboard */,
				A91EC39225BFF5420041FEB9 /* Supporting Files */,
			);
			path = threeLineDiary;
			sourceTree = "<group>";
		};
		A91EC37425BFE44C0041FEB9 /* threeLineDiaryTests */ = {
			isa = PBXGroup;
			children = (
				A91EC37525BFE44C0041FEB9 /* threeLineDiaryTests.swift */,
				A91EC37725BFE44C0041FEB9 /* Info.plist */,
			);
			path = threeLineDiaryTests;
			sourceTree = "<group>";
		};
		A91EC37F25BFE44C0041FEB9 /* threeLineDiaryUITests */ = {
			isa = PBXGroup;
			children = (
				A91EC38025BFE44C0041FEB9 /* threeLineDiaryUITests.swift */,
				A91EC38225BFE44C0041FEB9 /* Info.plist */,
			);
			path = threeLineDiaryUITests;
			sourceTree = "<group>";
		};
		A91EC39225BFF5420041FEB9 /* Supporting Files */ = {
			isa = PBXGroup;
			children = (
				A91EC36725BFE44C0041FEB9 /* Assets.xcassets */,
				A91EC36925BFE44C0041FEB9 /* LaunchScreen.storyboard */,
				A91EC36C25BFE44C0041FEB9 /* Info.plist */,
			);
			path = "Supporting Files";
			sourceTree = "<group>";
		};
/* End PBXGroup section */

/* Begin PBXNativeTarget section */
		A91EC35A25BFE44A0041FEB9 /* threeLineDiary */ = {
			isa = PBXNativeTarget;
			buildConfigurationList = A91EC38525BFE44C0041FEB9 /* Build configuration list for PBXNativeTarget "threeLineDiary" */;
			buildPhases = (
				A91EC35725BFE44A0041FEB9 /* Sources */,
				A91EC35825BFE44A0041FEB9 /* Frameworks */,
				A91EC35925BFE44A0041FEB9 /* Resources */,
			);
			buildRules = (
			);
			dependencies = (
			);
			name = threeLineDiary;
			productName = threeLineDiary;
			productReference = A91EC35B25BFE44A0041FEB9 /* threeLineDiary.app */;
			productType = "com.apple.product-type.application";
		};
		A91EC37025BFE44C0041FEB9 /* threeLineDiaryTests */ = {
			isa = PBXNativeTarget;
			buildConfigurationList = A91EC38825BFE44C0041FEB9 /* Build configuration list for PBXNativeTarget "threeLineDiaryTests" */;
			buildPhases = (
				A91EC36D25BFE44C0041FEB9 /* Sources */,
				A91EC36E25BFE44C0041FEB9 /* Frameworks */,
				A91EC36F25BFE44C0041FEB9 /* Resources */,
			);
			buildRules = (
			);
			dependencies = (
				A91EC37325BFE44C0041FEB9 /* PBXTargetDependency */,
			);
			name = threeLineDiaryTests;
			productName = threeLineDiaryTests;
			productReference = A91EC37125BFE44C0041FEB9 /* threeLineDiaryTests.xctest */;
			productType = "com.apple.product-type.bundle.unit-test";
		};
		A91EC37B25BFE44C0041FEB9 /* threeLineDiaryUITests */ = {
			isa = PBXNativeTarget;
			buildConfigurationList = A91EC38B25BFE44C0041FEB9 /* Build configuration list for PBXNativeTarget "threeLineDiaryUITests" */;
			buildPhases = (
				A91EC37825BFE44C0041FEB9 /* Sources */,
				A91EC37925BFE44C0041FEB9 /* Frameworks */,
				A91EC37A25BFE44C0041FEB9 /* Resources */,
			);
			buildRules = (
			);
			dependencies = (
				A91EC37E25BFE44C0041FEB9 /* PBXTargetDependency */,
			);
			name = threeLineDiaryUITests;
			productName = threeLineDiaryUITests;
			productReference = A91EC37C25BFE44C0041FEB9 /* threeLineDiaryUITests.xctest */;
			productType = "com.apple.product-type.bundle.ui-testing";
		};
/* End PBXNativeTarget section */

/* Begin PBXProject section */
		A91EC35325BFE44A0041FEB9 /* Project object */ = {
			isa = PBXProject;
			attributes = {
				LastSwiftUpdateCheck = 1230;
				LastUpgradeCheck = 1230;
				TargetAttributes = {
					A91EC35A25BFE44A0041FEB9 = {
						CreatedOnToolsVersion = 12.3;
					};
					A91EC37025BFE44C0041FEB9 = {
						CreatedOnToolsVersion = 12.3;
						TestTargetID = A91EC35A25BFE44A0041FEB9;
					};
					A91EC37B25BFE44C0041FEB9 = {
						CreatedOnToolsVersion = 12.3;
						TestTargetID = A91EC35A25BFE44A0041FEB9;
					};
				};
			};
			buildConfigurationList = A91EC35625BFE44A0041FEB9 /* Build configuration list for PBXProject "threeLineDiary" */;
			compatibilityVersion = "Xcode 9.3";
			developmentRegion = en;
			hasScannedForEncodings = 0;
			knownRegions = (
				en,
				Base,
			);
			mainGroup = A91EC35225BFE44A0041FEB9;
			productRefGroup = A91EC35C25BFE44A0041FEB9 /* Products */;
			projectDirPath = "";
			projectRoot = "";
			targets = (
				A91EC35A25BFE44A0041FEB9 /* threeLineDiary */,
				A91EC37025BFE44C0041FEB9 /* threeLineDiaryTests */,
				A91EC37B25BFE44C0041FEB9 /* threeLineDiaryUITests */,
			);
		};
/* End PBXProject section */

/* Begin PBXResourcesBuildPhase section */
		A91EC35925BFE44A0041FEB9 /* Resources */ = {
			isa = PBXResourcesBuildPhase;
			buildActionMask = 2147483647;
			files = (
				A91EC36B25BFE44C0041FEB9 /* LaunchScreen.storyboard in Resources */,
				A91EC36825BFE44C0041FEB9 /* Assets.xcassets in Resources */,
				A91EC36625BFE44A0041FEB9 /* Main.storyboard in Resources */,
			);
			runOnlyForDeploymentPostprocessing = 0;
		};
		A91EC36F25BFE44C0041FEB9 /* Resources */ = {
			isa = PBXResourcesBuildPhase;
			buildActionMask = 2147483647;
			files = (
			);
			runOnlyForDeploymentPostprocessing = 0;
		};
		A91EC37A25BFE44C0041FEB9 /* Resources */ = {
			isa = PBXResourcesBuildPhase;
			buildActionMask = 2147483647;
			files = (
			);
			runOnlyForDeploymentPostprocessing = 0;
		};
/* End PBXResourcesBuildPhase section */

/* Begin PBXSourcesBuildPhase section */
		A91EC35725BFE44A0041FEB9 /* Sources */ = {
			isa = PBXSourcesBuildPhase;
			buildActionMask = 2147483647;
			files = (
				A91EC36325BFE44A0041FEB9 /* LoginViewController.swift in Sources */,
				A91EC35F25BFE44A0041FEB9 /* AppDelegate.swift in Sources */,
				A91EC36125BFE44A0041FEB9 /* SceneDelegate.swift in Sources */,
			);
			runOnlyForDeploymentPostprocessing = 0;
		};
		A91EC36D25BFE44C0041FEB9 /* Sources */ = {
			isa = PBXSourcesBuildPhase;
			buildActionMask = 2147483647;
			files = (
				A91EC37625BFE44C0041FEB9 /* threeLineDiaryTests.swift in Sources */,
			);
			runOnlyForDeploymentPostprocessing = 0;
		};
		A91EC37825BFE44C0041FEB9 /* Sources */ = {
			isa = PBXSourcesBuildPhase;
			buildActionMask = 2147483647;
			files = (
				A91EC38125BFE44C0041FEB9 /* threeLineDiaryUITests.swift in Sources */,
			);
			runOnlyForDeploymentPostprocessing = 0;
		};
/* End PBXSourcesBuildPhase section */

/* Begin PBXTargetDependency section */
		A91EC37325BFE44C0041FEB9 /* PBXTargetDependency */ = {
			isa = PBXTargetDependency;
			target = A91EC35A25BFE44A0041FEB9 /* threeLineDiary */;
			targetProxy = A91EC37225BFE44C0041FEB9 /* PBXContainerItemProxy */;
		};
		A91EC37E25BFE44C0041FEB9 /* PBXTargetDependency */ = {
			isa = PBXTargetDependency;
			target = A91EC35A25BFE44A0041FEB9 /* threeLineDiary */;
			targetProxy = A91EC37D25BFE44C0041FEB9 /* PBXContainerItemProxy */;
		};
/* End PBXTargetDependency section */

/* Begin PBXVariantGroup section */
		A91EC36425BFE44A0041FEB9 /* Main.storyboard */ = {
			isa = PBXVariantGroup;
			children = (
				A91EC36525BFE44A0041FEB9 /* Base */,
			);
			name = Main.storyboard;
			sourceTree = "<group>";
		};
		A91EC36925BFE44C0041FEB9 /* LaunchScreen.storyboard */ = {
			isa = PBXVariantGroup;
			children = (
				A91EC36A25BFE44C0041FEB9 /* Base */,
			);
			name = LaunchScreen.storyboard;
			sourceTree = "<group>";
		};
/* End PBXVariantGroup section */

/* Begin XCBuildConfiguration section */
		A91EC38325BFE44C0041FEB9 /* Debug */ = {
			isa = XCBuildConfiguration;
			buildSettings = {
				ALWAYS_SEARCH_USER_PATHS = NO;
				CLANG_ANALYZER_NONNULL = YES;
				CLANG_ANALYZER_NUMBER_OBJECT_CONVERSION = YES_AGGRESSIVE;
				CLANG_CXX_LANGUAGE_STANDARD = "gnu++14";
				CLANG_CXX_LIBRARY = "libc++";
				CLANG_ENABLE_MODULES = YES;
				CLANG_ENABLE_OBJC_ARC = YES;
				CLANG_ENABLE_OBJC_WEAK = YES;
				CLANG_WARN_BLOCK_CAPTURE_AUTORELEASING = YES;
				CLANG_WARN_BOOL_CONVERSION = YES;
				CLANG_WARN_COMMA = YES;
				CLANG_WARN_CONSTANT_CONVERSION = YES;
				CLANG_WARN_DEPRECATED_OBJC_IMPLEMENTATIONS = YES;
				CLANG_WARN_DIRECT_OBJC_ISA_USAGE = YES_ERROR;
				CLANG_WARN_DOCUMENTATION_COMMENTS = YES;
				CLANG_WARN_EMPTY_BODY = YES;
				CLANG_WARN_ENUM_CONVERSION = YES;
				CLANG_WARN_INFINITE_RECURSION = YES;
				CLANG_WARN_INT_CONVERSION = YES;
				CLANG_WARN_NON_LITERAL_NULL_CONVERSION = YES;
				CLANG_WARN_OBJC_IMPLICIT_RETAIN_SELF = YES;
				CLANG_WARN_OBJC_LITERAL_CONVERSION = YES;
				CLANG_WARN_OBJC_ROOT_CLASS = YES_ERROR;
				CLANG_WARN_QUOTED_INCLUDE_IN_FRAMEWORK_HEADER = YES;
				CLANG_WARN_RANGE_LOOP_ANALYSIS = YES;
				CLANG_WARN_STRICT_PROTOTYPES = YES;
				CLANG_WARN_SUSPICIOUS_MOVE = YES;
				CLANG_WARN_UNGUARDED_AVAILABILITY = YES_AGGRESSIVE;
				CLANG_WARN_UNREACHABLE_CODE = YES;
				CLANG_WARN__DUPLICATE_METHOD_MATCH = YES;
				COPY_PHASE_STRIP = NO;
				DEBUG_INFORMATION_FORMAT = dwarf;
				ENABLE_STRICT_OBJC_MSGSEND = YES;
				ENABLE_TESTABILITY = YES;
				GCC_C_LANGUAGE_STANDARD = gnu11;
				GCC_DYNAMIC_NO_PIC = NO;
				GCC_NO_COMMON_BLOCKS = YES;
				GCC_OPTIMIZATION_LEVEL = 0;
				GCC_PREPROCESSOR_DEFINITIONS = (
					"DEBUG=1",
					"$(inherited)",
				);
				GCC_WARN_64_TO_32_BIT_CONVERSION = YES;
				GCC_WARN_ABOUT_RETURN_TYPE = YES_ERROR;
				GCC_WARN_UNDECLARED_SELECTOR = YES;
				GCC_WARN_UNINITIALIZED_AUTOS = YES_AGGRESSIVE;
				GCC_WARN_UNUSED_FUNCTION = YES;
				GCC_WARN_UNUSED_VARIABLE = YES;
				IPHONEOS_DEPLOYMENT_TARGET = 14.3;
				MTL_ENABLE_DEBUG_INFO = INCLUDE_SOURCE;
				MTL_FAST_MATH = YES;
				ONLY_ACTIVE_ARCH = YES;
				SDKROOT = iphoneos;
				SWIFT_ACTIVE_COMPILATION_CONDITIONS = DEBUG;
				SWIFT_OPTIMIZATION_LEVEL = "-Onone";
			};
			name = Debug;
		};
		A91EC38425BFE44C0041FEB9 /* Release */ = {
			isa = XCBuildConfiguration;
			buildSettings = {
				ALWAYS_SEARCH_USER_PATHS = NO;
				CLANG_ANALYZER_NONNULL = YES;
				CLANG_ANALYZER_NUMBER_OBJECT_CONVERSION = YES_AGGRESSIVE;
				CLANG_CXX_LANGUAGE_STANDARD = "gnu++14";
				CLANG_CXX_LIBRARY = "libc++";
				CLANG_ENABLE_MODULES = YES;
				CLANG_ENABLE_OBJC_ARC = YES;
				CLANG_ENABLE_OBJC_WEAK = YES;
				CLANG_WARN_BLOCK_CAPTURE_AUTORELEASING = YES;
				CLANG_WARN_BOOL_CONVERSION = YES;
				CLANG_WARN_COMMA = YES;
				CLANG_WARN_CONSTANT_CONVERSION = YES;
				CLANG_WARN_DEPRECATED_OBJC_IMPLEMENTATIONS = YES;
				CLANG_WARN_DIRECT_OBJC_ISA_USAGE = YES_ERROR;
				CLANG_WARN_DOCUMENTATION_COMMENTS = YES;
				CLANG_WARN_EMPTY_BODY = YES;
				CLANG_WARN_ENUM_CONVERSION = YES;
				CLANG_WARN_INFINITE_RECURSION = YES;
				CLANG_WARN_INT_CONVERSION = YES;
				CLANG_WARN_NON_LITERAL_NULL_CONVERSION = YES;
				CLANG_WARN_OBJC_IMPLICIT_RETAIN_SELF = YES;
				CLANG_WARN_OBJC_LITERAL_CONVERSION = YES;
				CLANG_WARN_OBJC_ROOT_CLASS = YES_ERROR;
				CLANG_WARN_QUOTED_INCLUDE_IN_FRAMEWORK_HEADER = YES;
				CLANG_WARN_RANGE_LOOP_ANALYSIS = YES;
				CLANG_WARN_STRICT_PROTOTYPES = YES;
				CLANG_WARN_SUSPICIOUS_MOVE = YES;
				CLANG_WARN_UNGUARDED_AVAILABILITY = YES_AGGRESSIVE;
				CLANG_WARN_UNREACHABLE_CODE = YES;
				CLANG_WARN__DUPLICATE_METHOD_MATCH = YES;
				COPY_PHASE_STRIP = NO;
				DEBUG_INFORMATION_FORMAT = "dwarf-with-dsym";
				ENABLE_NS_ASSERTIONS = NO;
				ENABLE_STRICT_OBJC_MSGSEND = YES;
				GCC_C_LANGUAGE_STANDARD = gnu11;
				GCC_NO_COMMON_BLOCKS = YES;
				GCC_WARN_64_TO_32_BIT_CONVERSION = YES;
				GCC_WARN_ABOUT_RETURN_TYPE = YES_ERROR;
				GCC_WARN_UNDECLARED_SELECTOR = YES;
				GCC_WARN_UNINITIALIZED_AUTOS = YES_AGGRESSIVE;
				GCC_WARN_UNUSED_FUNCTION = YES;
				GCC_WARN_UNUSED_VARIABLE = YES;
				IPHONEOS_DEPLOYMENT_TARGET = 14.3;
				MTL_ENABLE_DEBUG_INFO = NO;
				MTL_FAST_MATH = YES;
				SDKROOT = iphoneos;
				SWIFT_COMPILATION_MODE = wholemodule;
				SWIFT_OPTIMIZATION_LEVEL = "-O";
				VALIDATE_PRODUCT = YES;
			};
			name = Release;
		};
		A91EC38625BFE44C0041FEB9 /* Debug */ = {
			isa = XCBuildConfiguration;
			buildSettings = {
				ASSETCATALOG_COMPILER_APPICON_NAME = AppIcon;
				ASSETCATALOG_COMPILER_GLOBAL_ACCENT_COLOR_NAME = AccentColor;
				CODE_SIGN_STYLE = Automatic;
				INFOPLIST_FILE = threeLineDiary/Info.plist;
				LD_RUNPATH_SEARCH_PATHS = (
					"$(inherited)",
					"@executable_path/Frameworks",
				);
				PRODUCT_BUNDLE_IDENTIFIER = com.jiniz.threeLineDiary;
				PRODUCT_NAME = "$(TARGET_NAME)";
				SWIFT_VERSION = 5.0;
				TARGETED_DEVICE_FAMILY = "1,2";
			};
			name = Debug;
		};
		A91EC38725BFE44C0041FEB9 /* Release */ = {
			isa = XCBuildConfiguration;
			buildSettings = {
				ASSETCATALOG_COMPILER_APPICON_NAME = AppIcon;
				ASSETCATALOG_COMPILER_GLOBAL_ACCENT_COLOR_NAME = AccentColor;
				CODE_SIGN_STYLE = Automatic;
				INFOPLIST_FILE = threeLineDiary/Info.plist;
				LD_RUNPATH_SEARCH_PATHS = (
					"$(inherited)",
					"@executable_path/Frameworks",
				);
				PRODUCT_BUNDLE_IDENTIFIER = com.jiniz.threeLineDiary;
				PRODUCT_NAME = "$(TARGET_NAME)";
				SWIFT_VERSION = 5.0;
				TARGETED_DEVICE_FAMILY = "1,2";
			};
			name = Release;
		};
		A91EC38925BFE44C0041FEB9 /* Debug */ = {
			isa = XCBuildConfiguration;
			buildSettings = {
				ALWAYS_EMBED_SWIFT_STANDARD_LIBRARIES = YES;
				BUNDLE_LOADER = "$(TEST_HOST)";
				CODE_SIGN_STYLE = Automatic;
				INFOPLIST_FILE = threeLineDiaryTests/Info.plist;
				IPHONEOS_DEPLOYMENT_TARGET = 14.3;
				LD_RUNPATH_SEARCH_PATHS = (
					"$(inherited)",
					"@executable_path/Frameworks",
					"@loader_path/Frameworks",
				);
				PRODUCT_BUNDLE_IDENTIFIER = com.jiniz.threeLineDiaryTests;
				PRODUCT_NAME = "$(TARGET_NAME)";
				SWIFT_VERSION = 5.0;
				TARGETED_DEVICE_FAMILY = "1,2";
				TEST_HOST = "$(BUILT_PRODUCTS_DIR)/threeLineDiary.app/threeLineDiary";
			};
			name = Debug;
		};
		A91EC38A25BFE44C0041FEB9 /* Release */ = {
			isa = XCBuildConfiguration;
			buildSettings = {
				ALWAYS_EMBED_SWIFT_STANDARD_LIBRARIES = YES;
				BUNDLE_LOADER = "$(TEST_HOST)";
				CODE_SIGN_STYLE = Automatic;
				INFOPLIST_FILE = threeLineDiaryTests/Info.plist;
				IPHONEOS_DEPLOYMENT_TARGET = 14.3;
				LD_RUNPATH_SEARCH_PATHS = (
					"$(inherited)",
					"@executable_path/Frameworks",
					"@loader_path/Frameworks",
				);
				PRODUCT_BUNDLE_IDENTIFIER = com.jiniz.threeLineDiaryTests;
				PRODUCT_NAME = "$(TARGET_NAME)";
				SWIFT_VERSION = 5.0;
				TARGETED_DEVICE_FAMILY = "1,2";
				TEST_HOST = "$(BUILT_PRODUCTS_DIR)/threeLineDiary.app/threeLineDiary";
			};
			name = Release;
		};
		A91EC38C25BFE44C0041FEB9 /* Debug */ = {
			isa = XCBuildConfiguration;
			buildSettings = {
				ALWAYS_EMBED_SWIFT_STANDARD_LIBRARIES = YES;
				CODE_SIGN_STYLE = Automatic;
				INFOPLIST_FILE = threeLineDiaryUITests/Info.plist;
				LD_RUNPATH_SEARCH_PATHS = (
					"$(inherited)",
					"@executable_path/Frameworks",
					"@loader_path/Frameworks",
				);
				PRODUCT_BUNDLE_IDENTIFIER = com.jiniz.threeLineDiaryUITests;
				PRODUCT_NAME = "$(TARGET_NAME)";
				SWIFT_VERSION = 5.0;
				TARGETED_DEVICE_FAMILY = "1,2";
				TEST_TARGET_NAME = threeLineDiary;
			};
			name = Debug;
		};
		A91EC38D25BFE44C0041FEB9 /* Release */ = {
			isa = XCBuildConfiguration;
			buildSettings = {
				ALWAYS_EMBED_SWIFT_STANDARD_LIBRARIES = YES;
				CODE_SIGN_STYLE = Automatic;
				INFOPLIST_FILE = threeLineDiaryUITests/Info.plist;
				LD_RUNPATH_SEARCH_PATHS = (
					"$(inherited)",
					"@executable_path/Frameworks",
					"@loader_path/Frameworks",
				);
				PRODUCT_BUNDLE_IDENTIFIER = com.jiniz.threeLineDiaryUITests;
				PRODUCT_NAME = "$(TARGET_NAME)";
				SWIFT_VERSION = 5.0;
				TARGETED_DEVICE_FAMILY = "1,2";
				TEST_TARGET_NAME = threeLineDiary;
			};
			name = Release;
		};
/* End XCBuildConfiguration section */

/* Begin XCConfigurationList section */
		A91EC35625BFE44A0041FEB9 /* Build configuration list for PBXProject "threeLineDiary" */ = {
			isa = XCConfigurationList;
			buildConfigurations = (
				A91EC38325BFE44C0041FEB9 /* Debug */,
				A91EC38425BFE44C0041FEB9 /* Release */,
			);
			defaultConfigurationIsVisible = 0;
			defaultConfigurationName = Release;
		};
		A91EC38525BFE44C0041FEB9 /* Build configuration list for PBXNativeTarget "threeLineDiary" */ = {
			isa = XCConfigurationList;
			buildConfigurations = (
				A91EC38625BFE44C0041FEB9 /* Debug */,
				A91EC38725BFE44C0041FEB9 /* Release */,
			);
			defaultConfigurationIsVisible = 0;
			defaultConfigurationName = Release;
		};
		A91EC38825BFE44C0041FEB9 /* Build configuration list for PBXNativeTarget "threeLineDiaryTests" */ = {
			isa = XCConfigurationList;
			buildConfigurations = (
				A91EC38925BFE44C0041FEB9 /* Debug */,
				A91EC38A25BFE44C0041FEB9 /* Release */,
			);
			defaultConfigurationIsVisible = 0;
			defaultConfigurationName = Release;
		};
		A91EC38B25BFE44C0041FEB9 /* Build configuration list for PBXNativeTarget "threeLineDiaryUITests" */ = {
			isa = XCConfigurationList;
			buildConfigurations = (
				A91EC38C25BFE44C0041FEB9 /* Debug */,
				A91EC38D25BFE44C0041FEB9 /* Release */,
			);
			defaultConfigurationIsVisible = 0;
			defaultConfigurationName = Release;
		};
/* End XCConfigurationList section */
	};
	rootObject = A91EC35325BFE44A0041FEB9 /* Project object */;
}
